
Microsoft Visual Studio Solution File, Format Version 12.00
# Visual Studio Version 16
VisualStudioVersion = 16.0.30804.86
MinimumVisualStudioVersion = 10.0.40219.1
Project("{FAE04EC0-301F-11D3-BF4B-00C04F79EFBC}") = "TPX1.Android", "TPX1\TPX1.Android\TPX1.Android.csproj", "{3BBDF8A7-6E2C-4A01-AEDA-8838DBA189AD}"
EndProject
Project("{FAE04EC0-301F-11D3-BF4B-00C04F79EFBC}") = "TPX1.iOS", "TPX1\TPX1.iOS\TPX1.iOS.csproj", "{4B0E719A-1FF4-42A5-A438-5AC9544842D5}"
EndProject
Project("{FAE04EC0-301F-11D3-BF4B-00C04F79EFBC}") = "TPX1", "TPX1\TPX1\TPX1.csproj", "{247A5479-8B7D-4A75-BDAD-2639ABAED088}"
EndProject
Global
	GlobalSection(SolutionConfigurationPlatforms) = preSolution
		Debug|Any CPU = Debug|Any CPU
		Debug|iPhone = Debug|iPhone
		Debug|iPhoneSimulator = Debug|iPhoneSimulator
		Release|Any CPU = Release|Any CPU
		Release|iPhone = Release|iPhone
		Release|iPhoneSimulator = Release|iPhoneSimulator
	EndGlobalSection
	GlobalSection(ProjectConfigurationPlatforms) = postSolution
		{3BBDF8A7-6E2C-4A01-AEDA-8838DBA189AD}.Debug|Any CPU.ActiveCfg = Debug|Any CPU
		{3BBDF8A7-6E2C-4A01-AEDA-8838DBA189AD}.Debug|Any CPU.Build.0 = Debug|Any CPU
		{3BBDF8A7-6E2C-4A01-AEDA-8838DBA189AD}.Debug|Any CPU.Deploy.0 = Debug|Any CPU
		{3BBDF8A7-6E2C-4A01-AEDA-8838DBA189AD}.Debug|iPhone.ActiveCfg = Debug|Any CPU
		{3BBDF8A7-6E2C-4A01-AEDA-8838DBA189AD}.Debug|iPhone.Build.0 = Debug|Any CPU
		{3BBDF8A7-6E2C-4A01-AEDA-8838DBA189AD}.Debug|iPhone.Deploy.0 = Debug|Any CPU
		{3BBDF8A7-6E2C-4A01-AEDA-8838DBA189AD}.Debug|iPhoneSimulator.ActiveCfg = Debug|Any CPU
		{3BBDF8A7-6E2C-4A01-AEDA-8838DBA189AD}.Debug|iPhoneSimulator.Build.0 = Debug|Any CPU
		{3BBDF8A7-6E2C-4A01-AEDA-8838DBA189AD}.Debug|iPhoneSimulator.Deploy.0 = Debug|Any CPU
		{3BBDF8A7-6E2C-4A01-AEDA-8838DBA189AD}.Release|Any CPU.ActiveCfg = Release|Any CPU
		{3BBDF8A7-6E2C-4A01-AEDA-8838DBA189AD}.Release|Any CPU.Build.0 = Release|Any CPU
		{3BBDF8A7-6E2C-4A01-AEDA-8838DBA189AD}.Release|Any CPU.Deploy.0 = Release|Any CPU
		{3BBDF8A7-6E2C-4A01-AEDA-8838DBA189AD}.Release|iPhone.ActiveCfg = Release|Any CPU
		{3BBDF8A7-6E2C-4A01-AEDA-8838DBA189AD}.Release|iPhone.Build.0 = Release|Any CPU
		{3BBDF8A7-6E2C-4A01-AEDA-8838DBA189AD}.Release|iPhone.Deploy.0 = Release|Any CPU
		{3BBDF8A7-6E2C-4A01-AEDA-8838DBA189AD}.Release|iPhoneSimulator.ActiveCfg = Release|Any CPU
		{3BBDF8A7-6E2C-4A01-AEDA-8838DBA189AD}.Release|iPhoneSimulator.Build.0 = Release|Any CPU
		{3BBDF8A7-6E2C-4A01-AEDA-8838DBA189AD}.Release|iPhoneSimulator.Deploy.0 = Release|Any CPU
		{4B0E719A-1FF4-42A5-A438-5AC9544842D5}.Debug|Any CPU.ActiveCfg = Debug|iPhone
		{4B0E719A-1FF4-42A5-A438-5AC9544842D5}.Debug|Any CPU.Build.0 = Debug|iPhone
		{4B0E719A-1FF4-42A5-A438-5AC9544842D5}.Debug|Any CPU.Deploy.0 = Debug|iPhone
		{4B0E719A-1FF4-42A5-A438-5AC9544842D5}.Debug|iPhone.ActiveCfg = Debug|iPhone
		{4B0E719A-1FF4-42A5-A438-5AC9544842D5}.Debug|iPhone.Build.0 = Debug|iPhone
		{4B0E719A-1FF4-42A5-A438-5AC9544842D5}.Debug|iPhone.Deploy.0 = Debug|iPhone
		{4B0E719A-1FF4-42A5-A438-5AC9544842D5}.Debug|iPhoneSimulator.ActiveCfg = Debug|iPhoneSimulator
		{4B0E719A-1FF4-42A5-A438-5AC9544842D5}.Debug|iPhoneSimulator.Build.0 = Debug|iPhoneSimulator
		{4B0E719A-1FF4-42A5-A438-5AC9544842D5}.Debug|iPhoneSimulator.Deploy.0 = Debug|iPhoneSimulator
		{4B0E719A-1FF4-42A5-A438-5AC9544842D5}.Release|Any CPU.ActiveCfg = Release|iPhoneSimulator
		{4B0E719A-1FF4-42A5-A438-5AC9544842D5}.Release|Any CPU.Build.0 = Release|iPhoneSimulator
		{4B0E719A-1FF4-42A5-A438-5AC9544842D5}.Release|Any CPU.Deploy.0 = Release|iPhoneSimulator
		{4B0E719A-1FF4-42A5-A438-5AC9544842D5}.Release|iPhone.ActiveCfg = Release|iPhone
		{4B0E719A-1FF4-42A5-A438-5AC9544842D5}.Release|iPhone.Build.0 = Release|iPhone
		{4B0E719A-1FF4-42A5-A438-5AC9544842D5}.Release|iPhone.Deploy.0 = Release|iPhone
		{4B0E719A-1FF4-42A5-A438-5AC9544842D5}.Release|iPhoneSimulator.ActiveCfg = Release|iPhoneSimulator
		{4B0E719A-1FF4-42A5-A438-5AC9544842D5}.Release|iPhoneSimulator.Build.0 = Release|iPhoneSimulator
		{4B0E719A-1FF4-42A5-A438-5AC9544842D5}.Release|iPhoneSimulator.Deploy.0 = Release|iPhoneSimulator
		{247A5479-8B7D-4A75-BDAD-2639ABAED088}.Debug|Any CPU.ActiveCfg = Debug|Any CPU
		{247A5479-8B7D-4A75-BDAD-2639ABAED088}.Debug|Any CPU.Build.0 = Debug|Any CPU
		{247A5479-8B7D-4A75-BDAD-2639ABAED088}.Debug|Any CPU.Deploy.0 = Debug|Any CPU
		{247A5479-8B7D-4A75-BDAD-2639ABAED088}.Debug|iPhone.ActiveCfg = Debug|Any CPU
		{247A5479-8B7D-4A75-BDAD-2639ABAED088}.Debug|iPhone.Build.0 = Debug|Any CPU
		{247A5479-8B7D-4A75-BDAD-2639ABAED088}.Debug|iPhone.Deploy.0 = Debug|Any CPU
		{247A5479-8B7D-4A75-BDAD-2639ABAED088}.Debug|iPhoneSimulator.ActiveCfg = Debug|Any CPU
		{247A5479-8B7D-4A75-BDAD-2639ABAED088}.Debug|iPhoneSimulator.Build.0 = Debug|Any CPU
		{247A5479-8B7D-4A75-BDAD-2639ABAED088}.Debug|iPhoneSimulator.Deploy.0 = Debug|Any CPU
		{247A5479-8B7D-4A75-BDAD-2639ABAED088}.Release|Any CPU.ActiveCfg = Release|Any CPU
		{247A5479-8B7D-4A75-BDAD-2639ABAED088}.Release|Any CPU.Build.0 = Release|Any CPU
		{247A5479-8B7D-4A75-BDAD-2639ABAED088}.Release|Any CPU.Deploy.0 = Release|Any CPU
		{247A5479-8B7D-4A75-BDAD-2639ABAED088}.Release|iPhone.ActiveCfg = Release|Any CPU
		{247A5479-8B7D-4A75-BDAD-2639ABAED088}.Release|iPhone.Build.0 = Release|Any CPU
		{247A5479-8B7D-4A75-BDAD-2639ABAED088}.Release|iPhone.Deploy.0 = Release|Any CPU
		{247A5479-8B7D-4A75-BDAD-2639ABAED088}.Release|iPhoneSimulator.ActiveCfg = Release|Any CPU
		{247A5479-8B7D-4A75-BDAD-2639ABAED088}.Release|iPhoneSimulator.Build.0 = Release|Any CPU
		{247A5479-8B7D-4A75-BDAD-2639ABAED088}.Release|iPhoneSimulator.Deploy.0 = Release|Any CPU
	EndGlobalSection
	GlobalSection(SolutionProperties) = preSolution
		HideSolutionNode = FALSE
	EndGlobalSection
	GlobalSection(ExtensibilityGlobals) = postSolution
		SolutionGuid = {49B0447D-35E6-4B9E-A182-95609EE53DC4}
	EndGlobalSection
EndGlobal
